// !$*UTF8*$!
{
	archiveVersion = 1;
	classes = {
	};
	objectVersion = 50;
	objects = {

/* Begin PBXBuildFile section */
		75BA39382358EAA700D92712 /* AppDelegate.swift in Sources */ = {isa = PBXBuildFile; fileRef = 75BA39372358EAA700D92712 /* AppDelegate.swift */; };
		75BA393A2358EAA700D92712 /* SceneDelegate.swift in Sources */ = {isa = PBXBuildFile; fileRef = 75BA39392358EAA700D92712 /* SceneDelegate.swift */; };
		75BA393C2358EAA700D92712 /* ViewController.swift in Sources */ = {isa = PBXBuildFile; fileRef = 75BA393B2358EAA700D92712 /* ViewController.swift */; };
		75BA393F2358EAA700D92712 /* Main.storyboard in Resources */ = {isa = PBXBuildFile; fileRef = 75BA393D2358EAA700D92712 /* Main.storyboard */; };
		75BA39412358EAA900D92712 /* Assets.xcassets in Resources */ = {isa = PBXBuildFile; fileRef = 75BA39402358EAA900D92712 /* Assets.xcassets */; };
		75BA39442358EAA900D92712 /* LaunchScreen.storyboard in Resources */ = {isa = PBXBuildFile; fileRef = 75BA39422358EAA900D92712 /* LaunchScreen.storyboard */; };
		75BA394C2358F12900D92712 /* LocaisViagensTableViewController.swift in Sources */ = {isa = PBXBuildFile; fileRef = 75BA394B2358F12900D92712 /* LocaisViagensTableViewController.swift */; };
		75BA394E2359FFF200D92712 /* ArmazenamentoDados.swift in Sources */ = {isa = PBXBuildFile; fileRef = 75BA394D2359FFF100D92712 /* ArmazenamentoDados.swift */; };
/* End PBXBuildFile section */

/* Begin PBXFileReference section */
		75BA39342358EAA700D92712 /* CatiaViagens.app */ = {isa = PBXFileReference; explicitFileType = wrapper.application; includeInIndex = 0; path = CatiaViagens.app; sourceTree = BUILT_PRODUCTS_DIR; };
		75BA39372358EAA700D92712 /* AppDelegate.swift */ = {isa = PBXFileReference; lastKnownFileType = sourcecode.swift; path = AppDelegate.swift; sourceTree = "<group>"; };
		75BA39392358EAA700D92712 /* SceneDelegate.swift */ = {isa = PBXFileReference; lastKnownFileType = sourcecode.swift; path = SceneDelegate.swift; sourceTree = "<group>"; };
		75BA393B2358EAA700D92712 /* ViewController.swift */ = {isa = PBXFileReference; lastKnownFileType = sourcecode.swift; path = ViewController.swift; sourceTree = "<group>"; };
		75BA393E2358EAA700D92712 /* Base */ = {isa = PBXFileReference; lastKnownFileType = file.storyboard; name = Base; path = Base.lproj/Main.storyboard; sourceTree = "<group>"; };
		75BA39402358EAA900D92712 /* Assets.xcassets */ = {isa = PBXFileReference; lastKnownFileType = folder.assetcatalog; path = Assets.xcassets; sourceTree = "<group>"; };
		75BA39432358EAA900D92712 /* Base */ = {isa = PBXFileReference; lastKnownFileType = file.storyboard; name = Base; path = Base.lproj/LaunchScreen.storyboard; sourceTree = "<group>"; };
		75BA39452358EAA900D92712 /* Info.plist */ = {isa = PBXFileReference; lastKnownFileType = text.plist.xml; path = Info.plist; sourceTree = "<group>"; };
		75BA394B2358F12900D92712 /* LocaisViagensTableViewController.swift */ = {isa = PBXFileReference; lastKnownFileType = sourcecode.swift; path = LocaisViagensTableViewController.swift; sourceTree = "<group>"; };
		75BA394D2359FFF100D92712 /* ArmazenamentoDados.swift */ = {isa = PBXFileReference; lastKnownFileType = sourcecode.swift; path = ArmazenamentoDados.swift; sourceTree = "<group>"; };
/* End PBXFileReference section */

/* Begin PBXFrameworksBuildPhase section */
		75BA39312358EAA700D92712 /* Frameworks */ = {
			isa = PBXFrameworksBuildPhase;
			buildActionMask = 2147483647;
			files = (
			);
			runOnlyForDeploymentPostprocessing = 0;
		};
/* End PBXFrameworksBuildPhase section */

/* Begin PBXGroup section */
		75BA392B2358EAA700D92712 = {
			isa = PBXGroup;
			children = (
				75BA39362358EAA700D92712 /* CatiaViagens */,
				75BA39352358EAA700D92712 /* Products */,
			);
			sourceTree = "<group>";
		};
		75BA39352358EAA700D92712 /* Products */ = {
			isa = PBXGroup;
			children = (
				75BA39342358EAA700D92712 /* CatiaViagens.app */,
			);
			name = Products;
			sourceTree = "<group>";
		};
		75BA39362358EAA700D92712 /* CatiaViagens */ = {
			isa = PBXGroup;
			children = (
				75BA39372358EAA700D92712 /* AppDelegate.swift */,
				75BA39392358EAA700D92712 /* SceneDelegate.swift */,
				75BA393B2358EAA700D92712 /* ViewController.swift */,
				75BA394D2359FFF100D92712 /* ArmazenamentoDados.swift */,
				75BA394B2358F12900D92712 /* LocaisViagensTableViewController.swift */,
				75BA393D2358EAA700D92712 /* Main.storyboard */,
				75BA39402358EAA900D92712 /* Assets.xcassets */,
				75BA39422358EAA900D92712 /* LaunchScreen.storyboard */,
				75BA39452358EAA900D92712 /* Info.plist */,
			);
			path = CatiaViagens;
			sourceTree = "<group>";
		};
/* End PBXGroup section */

/* Begin PBXNativeTarget section */
		75BA39332358EAA700D92712 /* CatiaViagens */ = {
			isa = PBXNativeTarget;
			buildConfigurationList = 75BA39482358EAA900D92712 /* Build configuration list for PBXNativeTarget "CatiaViagens" */;
			buildPhases = (
				75BA39302358EAA700D92712 /* Sources */,
				75BA39312358EAA700D92712 /* Frameworks */,
				75BA39322358EAA700D92712 /* Resources */,
			);
			buildRules = (
			);
			dependencies = (
			);
			name = CatiaViagens;
			productName = CatiaViagens;
			productReference = 75BA39342358EAA700D92712 /* CatiaViagens.app */;
			productType = "com.apple.product-type.application";
		};
/* End PBXNativeTarget section */

/* Begin PBXProject section */
		75BA392C2358EAA700D92712 /* Project object */ = {
			isa = PBXProject;
			attributes = {
				LastSwiftUpdateCheck = 1100;
				LastUpgradeCheck = 1100;
				ORGANIZATIONNAME = "Catia Miranda de Souza";
				TargetAttributes = {
					75BA39332358EAA700D92712 = {
						CreatedOnToolsVersion = 11.0;
					};
				};
			};
			buildConfigurationList = 75BA392F2358EAA700D92712 /* Build configuration list for PBXProject "CatiaViagens" */;
			compatibilityVersion = "Xcode 9.3";
			developmentRegion = en;
			hasScannedForEncodings = 0;
			knownRegions = (
				en,
				Base,
			);
			mainGroup = 75BA392B2358EAA700D92712;
			productRefGroup = 75BA39352358EAA700D92712 /* Products */;
			projectDirPath = "";
			projectRoot = "";
			targets = (
				75BA39332358EAA700D92712 /* CatiaViagens */,
			);
		};
/* End PBXProject section */

/* Begin PBXResourcesBuildPhase section */
		75BA39322358EAA700D92712 /* Resources */ = {
			isa = PBXResourcesBuildPhase;
			buildActionMask = 2147483647;
			files = (
				75BA39442358EAA900D92712 /* LaunchScreen.storyboard in Resources */,
				75BA39412358EAA900D92712 /* Assets.xcassets in Resources */,
				75BA393F2358EAA700D92712 /* Main.storyboard in Resources */,
			);
			runOnlyForDeploymentPostprocessing = 0;
		};
/* End PBXResourcesBuildPhase section */

/* Begin PBXSourcesBuildPhase section */
		75BA39302358EAA700D92712 /* Sources */ = {
			isa = PBXSourcesBuildPhase;
			buildActionMask = 2147483647;
			files = (
				75BA394C2358F12900D92712 /* LocaisViagensTableViewController.swift in Sources */,
				75BA394E2359FFF200D92712 /* ArmazenamentoDados.swift in Sources */,
				75BA393C2358EAA700D92712 /* ViewController.swift in Sources */,
				75BA39382358EAA700D92712 /* AppDelegate.swift in Sources */,
				75BA393A2358EAA700D92712 /* SceneDelegate.swift in Sources */,
			);
			runOnlyForDeploymentPostprocessing = 0;
		};
/* End PBXSourcesBuildPhase section */

/* Begin PBXVariantGroup section */
		75BA393D2358EAA700D92712 /* Main.storyboard */ = {
			isa = PBXVariantGroup;
			children = (
				75BA393E2358EAA700D92712 /* Base */,
			);
			name = Main.storyboard;
			sourceTree = "<group>";
		};
		75BA39422358EAA900D92712 /* LaunchScreen.storyboard */ = {
			isa = PBXVariantGroup;
			children = (
				75BA39432358EAA900D92712 /* Base */,
			);
			name = LaunchScreen.storyboard;
			sourceTree = "<group>";
		};
/* End PBXVariantGroup section */

/* Begin XCBuildConfiguration section */
		75BA39462358EAA900D92712 /* Debug */ = {
			isa = XCBuildConfiguration;
			buildSettings = {
				ALWAYS_SEARCH_USER_PATHS = NO;
				CLANG_ANALYZER_NONNULL = YES;
				CLANG_ANALYZER_NUMBER_OBJECT_CONVERSION = YES_AGGRESSIVE;
				CLANG_CXX_LANGUAGE_STANDARD = "gnu++14";
				CLANG_CXX_LIBRARY = "libc++";
				CLANG_ENABLE_MODULES = YES;
				CLANG_ENABLE_OBJC_ARC = YES;
				CLANG_ENABLE_OBJC_WEAK = YES;
				CLANG_WARN_BLOCK_CAPTURE_AUTORELEASING = YES;
				CLANG_WARN_BOOL_CONVERSION = YES;
				CLANG_WARN_COMMA = YES;
				CLANG_WARN_CONSTANT_CONVERSION = YES;
				CLANG_WARN_DEPRECATED_OBJC_IMPLEMENTATIONS = YES;
				CLANG_WARN_DIRECT_OBJC_ISA_USAGE = YES_ERROR;
				CLANG_WARN_DOCUMENTATION_COMMENTS = YES;
				CLANG_WARN_EMPTY_BODY = YES;
				CLANG_WARN_ENUM_CONVERSION = YES;
				CLANG_WARN_INFINITE_RECURSION = YES;
				CLANG_WARN_INT_CONVERSION = YES;
				CLANG_WARN_NON_LITERAL_NULL_CONVERSION = YES;
				CLANG_WARN_OBJC_IMPLICIT_RETAIN_SELF = YES;
				CLANG_WARN_OBJC_LITERAL_CONVERSION = YES;
				CLANG_WARN_OBJC_ROOT_CLASS = YES_ERROR;
				CLANG_WARN_RANGE_LOOP_ANALYSIS = YES;
				CLANG_WARN_STRICT_PROTOTYPES = YES;
				CLANG_WARN_SUSPICIOUS_MOVE = YES;
				CLANG_WARN_UNGUARDED_AVAILABILITY = YES_AGGRESSIVE;
				CLANG_WARN_UNREACHABLE_CODE = YES;
				CLANG_WARN__DUPLICATE_METHOD_MATCH = YES;
				COPY_PHASE_STRIP = NO;
				DEBUG_INFORMATION_FORMAT = dwarf;
				ENABLE_STRICT_OBJC_MSGSEND = YES;
				ENABLE_TESTABILITY = YES;
				GCC_C_LANGUAGE_STANDARD = gnu11;
				GCC_DYNAMIC_NO_PIC = NO;
				GCC_NO_COMMON_BLOCKS = YES;
				GCC_OPTIMIZATION_LEVEL = 0;
				GCC_PREPROCESSOR_DEFINITIONS = (
					"DEBUG=1",
					"$(inherited)",
				);
				GCC_WARN_64_TO_32_BIT_CONVERSION = YES;
				GCC_WARN_ABOUT_RETURN_TYPE = YES_ERROR;
				GCC_WARN_UNDECLARED_SELECTOR = YES;
				GCC_WARN_UNINITIALIZED_AUTOS = YES_AGGRESSIVE;
				GCC_WARN_UNUSED_FUNCTION = YES;
				GCC_WARN_UNUSED_VARIABLE = YES;
				IPHONEOS_DEPLOYMENT_TARGET = 13.0;
				MTL_ENABLE_DEBUG_INFO = INCLUDE_SOURCE;
				MTL_FAST_MATH = YES;
				ONLY_ACTIVE_ARCH = YES;
				SDKROOT = iphoneos;
				SWIFT_ACTIVE_COMPILATION_CONDITIONS = DEBUG;
				SWIFT_OPTIMIZATION_LEVEL = "-Onone";
			};
			name = Debug;
		};
		75BA39472358EAA900D92712 /* Release */ = {
			isa = XCBuildConfiguration;
			buildSettings = {
				ALWAYS_SEARCH_USER_PATHS = NO;
				CLANG_ANALYZER_NONNULL = YES;
				CLANG_ANALYZER_NUMBER_OBJECT_CONVERSION = YES_AGGRESSIVE;
				CLANG_CXX_LANGUAGE_STANDARD = "gnu++14";
				CLANG_CXX_LIBRARY = "libc++";
				CLANG_ENABLE_MODULES = YES;
				CLANG_ENABLE_OBJC_ARC = YES;
				CLANG_ENABLE_OBJC_WEAK = YES;
				CLANG_WARN_BLOCK_CAPTURE_AUTORELEASING = YES;
				CLANG_WARN_BOOL_CONVERSION = YES;
				CLANG_WARN_COMMA = YES;
				CLANG_WARN_CONSTANT_CONVERSION = YES;
				CLANG_WARN_DEPRECATED_OBJC_IMPLEMENTATIONS = YES;
				CLANG_WARN_DIRECT_OBJC_ISA_USAGE = YES_ERROR;
				CLANG_WARN_DOCUMENTATION_COMMENTS = YES;
				CLANG_WARN_EMPTY_BODY = YES;
				CLANG_WARN_ENUM_CONVERSION = YES;
				CLANG_WARN_INFINITE_RECURSION = YES;
				CLANG_WARN_INT_CONVERSION = YES;
				CLANG_WARN_NON_LITERAL_NULL_CONVERSION = YES;
				CLANG_WARN_OBJC_IMPLICIT_RETAIN_SELF = YES;
				CLANG_WARN_OBJC_LITERAL_CONVERSION = YES;
				CLANG_WARN_OBJC_ROOT_CLASS = YES_ERROR;
				CLANG_WARN_RANGE_LOOP_ANALYSIS = YES;
				CLANG_WARN_STRICT_PROTOTYPES = YES;
				CLANG_WARN_SUSPICIOUS_MOVE = YES;
				CLANG_WARN_UNGUARDED_AVAILABILITY = YES_AGGRESSIVE;
				CLANG_WARN_UNREACHABLE_CODE = YES;
				CLANG_WARN__DUPLICATE_METHOD_MATCH = YES;
				COPY_PHASE_STRIP = NO;
				DEBUG_INFORMATION_FORMAT = "dwarf-with-dsym";
				ENABLE_NS_ASSERTIONS = NO;
				ENABLE_STRICT_OBJC_MSGSEND = YES;
				GCC_C_LANGUAGE_STANDARD = gnu11;
				GCC_NO_COMMON_BLOCKS = YES;
				GCC_WARN_64_TO_32_BIT_CONVERSION = YES;
				GCC_WARN_ABOUT_RETURN_TYPE = YES_ERROR;
				GCC_WARN_UNDECLARED_SELECTOR = YES;
				GCC_WARN_UNINITIALIZED_AUTOS = YES_AGGRESSIVE;
				GCC_WARN_UNUSED_FUNCTION = YES;
				GCC_WARN_UNUSED_VARIABLE = YES;
				IPHONEOS_DEPLOYMENT_TARGET = 13.0;
				MTL_ENABLE_DEBUG_INFO = NO;
				MTL_FAST_MATH = YES;
				SDKROOT = iphoneos;
				SWIFT_COMPILATION_MODE = wholemodule;
				SWIFT_OPTIMIZATION_LEVEL = "-O";
				VALIDATE_PRODUCT = YES;
			};
			name = Release;
		};
		75BA39492358EAA900D92712 /* Debug */ = {
			isa = XCBuildConfiguration;
			buildSettings = {
				ASSETCATALOG_COMPILER_APPICON_NAME = AppIcon;
				CODE_SIGN_STYLE = Automatic;
				DEVELOPMENT_TEAM = AS994HB957;
				INFOPLIST_FILE = CatiaViagens/Info.plist;
				LD_RUNPATH_SEARCH_PATHS = (
					"$(inherited)",
					"@executable_path/Frameworks",
				);
				PRODUCT_BUNDLE_IDENTIFIER = com.catiasouza.CatiaViagens;
				PRODUCT_NAME = "$(TARGET_NAME)";
				SWIFT_VERSION = 5.0;
				TARGETED_DEVICE_FAMILY = "1,2";
			};
			name = Debug;
		};
		75BA394A2358EAA900D92712 /* Release */ = {
			isa = XCBuildConfiguration;
			buildSettings = {
				ASSETCATALOG_COMPILER_APPICON_NAME = AppIcon;
				CODE_SIGN_STYLE = Automatic;
				DEVELOPMENT_TEAM = AS994HB957;
				INFOPLIST_FILE = CatiaViagens/Info.plist;
				LD_RUNPATH_SEARCH_PATHS = (
					"$(inherited)",
					"@executable_path/Frameworks",
				);
				PRODUCT_BUNDLE_IDENTIFIER = com.catiasouza.CatiaViagens;
				PRODUCT_NAME = "$(TARGET_NAME)";
				SWIFT_VERSION = 5.0;
				TARGETED_DEVICE_FAMILY = "1,2";
			};
			name = Release;
		};
/* End XCBuildConfiguration section */

/* Begin XCConfigurationList section */
		75BA392F2358EAA700D92712 /* Build configuration list for PBXProject "CatiaViagens" */ = {
			isa = XCConfigurationList;
			buildConfigurations = (
				75BA39462358EAA900D92712 /* Debug */,
				75BA39472358EAA900D92712 /* Release */,
			);
			defaultConfigurationIsVisible = 0;
			defaultConfigurationName = Release;
		};
		75BA39482358EAA900D92712 /* Build configuration list for PBXNativeTarget "CatiaViagens" */ = {
			isa = XCConfigurationList;
			buildConfigurations = (
				75BA39492358EAA900D92712 /* Debug */,
				75BA394A2358EAA900D92712 /* Release */,
			);
			defaultConfigurationIsVisible = 0;
			defaultConfigurationName = Release;
		};
/* End XCConfigurationList section */
	};
	rootObject = 75BA392C2358EAA700D92712 /* Project object */;
}
